
Microsoft Visual Studio Solution File, Format Version 12.00
# Visual Studio Version 17
VisualStudioVersion = 17.5.33530.505
MinimumVisualStudioVersion = 10.0.40219.1
Project("{FAE04EC0-301F-11D3-BF4B-00C04F79EFBC}") = "GenStatsW", "GenStatsW.csproj", "{093FBBB1-4E2E-4964-A6B4-67A81818F8CC}"
EndProject
Global
	GlobalSection(SolutionConfigurationPlatforms) = preSolution
		Debug|Any CPU = Debug|Any CPU
		Release|Any CPU = Release|Any CPU
	EndGlobalSection
	GlobalSection(ProjectConfigurationPlatforms) = postSolution
		{093FBBB1-4E2E-4964-A6B4-67A81818F8CC}.Debug|Any CPU.ActiveCfg = Debug|Any CPU
		{093FBBB1-4E2E-4964-A6B4-67A81818F8CC}.Debug|Any CPU.Build.0 = Debug|Any CPU
		{093FBBB1-4E2E-4964-A6B4-67A81818F8CC}.Release|Any CPU.ActiveCfg = Release|Any CPU
		{093FBBB1-4E2E-4964-A6B4-67A81818F8CC}.Release|Any CPU.Build.0 = Release|Any CPU
	EndGlobalSection
	GlobalSection(SolutionProperties) = preSolution
		HideSolutionNode = FALSE
	EndGlobalSection
	GlobalSection(ExtensibilityGlobals) = postSolution
		SolutionGuid = {E991A2B0-CA33-401D-BB74-0B464F686BD3}
	EndGlobalSection
EndGlobal
